
Microsoft Visual Studio Solution File, Format Version 12.00
# Visual Studio Version 17
VisualStudioVersion = 17.3.32922.545
MinimumVisualStudioVersion = 10.0.40219.1
Project("{FAE04EC0-301F-11D3-BF4B-00C04F79EFBC}") = "GenNotification.Service", "GenNotification.Service\GenNotification.Service.csproj", "{FF74ED3F-3046-4E69-B227-81BA02F4A060}"
EndProject
Global
	GlobalSection(SolutionConfigurationPlatforms) = preSolution
		Debug|Any CPU = Debug|Any CPU
		Release|Any CPU = Release|Any CPU
	EndGlobalSection
	GlobalSection(ProjectConfigurationPlatforms) = postSolution
		{FF74ED3F-3046-4E69-B227-81BA02F4A060}.Debug|Any CPU.ActiveCfg = Debug|Any CPU
		{FF74ED3F-3046-4E69-B227-81BA02F4A060}.Debug|Any CPU.Build.0 = Debug|Any CPU
		{FF74ED3F-3046-4E69-B227-81BA02F4A060}.Release|Any CPU.ActiveCfg = Release|Any CPU
		{FF74ED3F-3046-4E69-B227-81BA02F4A060}.Release|Any CPU.Build.0 = Release|Any CPU
	EndGlobalSection
	GlobalSection(SolutionProperties) = preSolution
		HideSolutionNode = FALSE
	EndGlobalSection
	GlobalSection(ExtensibilityGlobals) = postSolution
		SolutionGuid = {DED65315-C89C-4181-93DD-00B500D3EF6F}
	EndGlobalSection
EndGlobal
